// !$*UTF8*$!
{
	archiveVersion = 1;
	classes = {
	};
	objectVersion = 48;
	objects = {

/* Begin PBXBuildFile section */
		582ADA2F1FCDACD4007D4ABC /* AppDelegate.swift in Sources */ = {isa = PBXBuildFile; fileRef = 582ADA2E1FCDACD4007D4ABC /* AppDelegate.swift */; };
		582ADA311FCDACD4007D4ABC /* ViewController.swift in Sources */ = {isa = PBXBuildFile; fileRef = 582ADA301FCDACD4007D4ABC /* ViewController.swift */; };
		582ADA341FCDACD4007D4ABC /* Main.storyboard in Resources */ = {isa = PBXBuildFile; fileRef = 582ADA321FCDACD4007D4ABC /* Main.storyboard */; };
		582ADA371FCDACD4007D4ABC /* Lets_Cooking__.xcdatamodeld in Sources */ = {isa = PBXBuildFile; fileRef = 582ADA351FCDACD4007D4ABC /* Lets_Cooking__.xcdatamodeld */; };
		582ADA391FCDACD4007D4ABC /* Assets.xcassets in Resources */ = {isa = PBXBuildFile; fileRef = 582ADA381FCDACD4007D4ABC /* Assets.xcassets */; };
		582ADA3C1FCDACD4007D4ABC /* LaunchScreen.storyboard in Resources */ = {isa = PBXBuildFile; fileRef = 582ADA3A1FCDACD4007D4ABC /* LaunchScreen.storyboard */; };
		582ADA471FCDACD4007D4ABC /* Lets_Cooking__Tests.swift in Sources */ = {isa = PBXBuildFile; fileRef = 582ADA461FCDACD4007D4ABC /* Lets_Cooking__Tests.swift */; };
		582ADA521FCDACD4007D4ABC /* Lets_Cooking__UITests.swift in Sources */ = {isa = PBXBuildFile; fileRef = 582ADA511FCDACD4007D4ABC /* Lets_Cooking__UITests.swift */; };
/* End PBXBuildFile section */

/* Begin PBXContainerItemProxy section */
		582ADA431FCDACD4007D4ABC /* PBXContainerItemProxy */ = {
			isa = PBXContainerItemProxy;
			containerPortal = 582ADA231FCDACD4007D4ABC /* Project object */;
			proxyType = 1;
			remoteGlobalIDString = 582ADA2A1FCDACD4007D4ABC;
			remoteInfo = "Lets Cooking !";
		};
		582ADA4E1FCDACD4007D4ABC /* PBXContainerItemProxy */ = {
			isa = PBXContainerItemProxy;
			containerPortal = 582ADA231FCDACD4007D4ABC /* Project object */;
			proxyType = 1;
			remoteGlobalIDString = 582ADA2A1FCDACD4007D4ABC;
			remoteInfo = "Lets Cooking !";
		};
/* End PBXContainerItemProxy section */

/* Begin PBXFileReference section */
		582ADA2B1FCDACD4007D4ABC /* Lets Cooking !.app */ = {isa = PBXFileReference; explicitFileType = wrapper.application; includeInIndex = 0; path = "Lets Cooking !.app"; sourceTree = BUILT_PRODUCTS_DIR; };
		582ADA2E1FCDACD4007D4ABC /* AppDelegate.swift */ = {isa = PBXFileReference; lastKnownFileType = sourcecode.swift; path = AppDelegate.swift; sourceTree = "<group>"; };
		582ADA301FCDACD4007D4ABC /* ViewController.swift */ = {isa = PBXFileReference; lastKnownFileType = sourcecode.swift; path = ViewController.swift; sourceTree = "<group>"; };
		582ADA331FCDACD4007D4ABC /* Base */ = {isa = PBXFileReference; lastKnownFileType = file.storyboard; name = Base; path = Base.lproj/Main.storyboard; sourceTree = "<group>"; };
		582ADA361FCDACD4007D4ABC /* Lets_Cooking__.xcdatamodel */ = {isa = PBXFileReference; lastKnownFileType = wrapper.xcdatamodel; path = Lets_Cooking__.xcdatamodel; sourceTree = "<group>"; };
		582ADA381FCDACD4007D4ABC /* Assets.xcassets */ = {isa = PBXFileReference; lastKnownFileType = folder.assetcatalog; path = Assets.xcassets; sourceTree = "<group>"; };
		582ADA3B1FCDACD4007D4ABC /* Base */ = {isa = PBXFileReference; lastKnownFileType = file.storyboard; name = Base; path = Base.lproj/LaunchScreen.storyboard; sourceTree = "<group>"; };
		582ADA3D1FCDACD4007D4ABC /* Info.plist */ = {isa = PBXFileReference; lastKnownFileType = text.plist.xml; path = Info.plist; sourceTree = "<group>"; };
		582ADA421FCDACD4007D4ABC /* Lets Cooking !Tests.xctest */ = {isa = PBXFileReference; explicitFileType = wrapper.cfbundle; includeInIndex = 0; path = "Lets Cooking !Tests.xctest"; sourceTree = BUILT_PRODUCTS_DIR; };
		582ADA461FCDACD4007D4ABC /* Lets_Cooking__Tests.swift */ = {isa = PBXFileReference; lastKnownFileType = sourcecode.swift; path = Lets_Cooking__Tests.swift; sourceTree = "<group>"; };
		582ADA481FCDACD4007D4ABC /* Info.plist */ = {isa = PBXFileReference; lastKnownFileType = text.plist.xml; path = Info.plist; sourceTree = "<group>"; };
		582ADA4D1FCDACD4007D4ABC /* Lets Cooking !UITests.xctest */ = {isa = PBXFileReference; explicitFileType = wrapper.cfbundle; includeInIndex = 0; path = "Lets Cooking !UITests.xctest"; sourceTree = BUILT_PRODUCTS_DIR; };
		582ADA511FCDACD4007D4ABC /* Lets_Cooking__UITests.swift */ = {isa = PBXFileReference; lastKnownFileType = sourcecode.swift; path = Lets_Cooking__UITests.swift; sourceTree = "<group>"; };
		582ADA531FCDACD4007D4ABC /* Info.plist */ = {isa = PBXFileReference; lastKnownFileType = text.plist.xml; path = Info.plist; sourceTree = "<group>"; };
/* End PBXFileReference section */

/* Begin PBXFrameworksBuildPhase section */
		582ADA281FCDACD4007D4ABC /* Frameworks */ = {
			isa = PBXFrameworksBuildPhase;
			buildActionMask = 2147483647;
			files = (
			);
			runOnlyForDeploymentPostprocessing = 0;
		};
		582ADA3F1FCDACD4007D4ABC /* Frameworks */ = {
			isa = PBXFrameworksBuildPhase;
			buildActionMask = 2147483647;
			files = (
			);
			runOnlyForDeploymentPostprocessing = 0;
		};
		582ADA4A1FCDACD4007D4ABC /* Frameworks */ = {
			isa = PBXFrameworksBuildPhase;
			buildActionMask = 2147483647;
			files = (
			);
			runOnlyForDeploymentPostprocessing = 0;
		};
/* End PBXFrameworksBuildPhase section */

/* Begin PBXGroup section */
		582ADA221FCDACD4007D4ABC = {
			isa = PBXGroup;
			children = (
				582ADA2D1FCDACD4007D4ABC /* Lets Cooking ! */,
				582ADA451FCDACD4007D4ABC /* Lets Cooking !Tests */,
				582ADA501FCDACD4007D4ABC /* Lets Cooking !UITests */,
				582ADA2C1FCDACD4007D4ABC /* Products */,
			);
			sourceTree = "<group>";
		};
		582ADA2C1FCDACD4007D4ABC /* Products */ = {
			isa = PBXGroup;
			children = (
				582ADA2B1FCDACD4007D4ABC /* Lets Cooking !.app */,
				582ADA421FCDACD4007D4ABC /* Lets Cooking !Tests.xctest */,
				582ADA4D1FCDACD4007D4ABC /* Lets Cooking !UITests.xctest */,
			);
			name = Products;
			sourceTree = "<group>";
		};
		582ADA2D1FCDACD4007D4ABC /* Lets Cooking ! */ = {
			isa = PBXGroup;
			children = (
				582ADA2E1FCDACD4007D4ABC /* AppDelegate.swift */,
				582ADA301FCDACD4007D4ABC /* ViewController.swift */,
				582ADA321FCDACD4007D4ABC /* Main.storyboard */,
				582ADA381FCDACD4007D4ABC /* Assets.xcassets */,
				582ADA3A1FCDACD4007D4ABC /* LaunchScreen.storyboard */,
				582ADA3D1FCDACD4007D4ABC /* Info.plist */,
				582ADA351FCDACD4007D4ABC /* Lets_Cooking__.xcdatamodeld */,
			);
			path = "Lets Cooking !";
			sourceTree = "<group>";
		};
		582ADA451FCDACD4007D4ABC /* Lets Cooking !Tests */ = {
			isa = PBXGroup;
			children = (
				582ADA461FCDACD4007D4ABC /* Lets_Cooking__Tests.swift */,
				582ADA481FCDACD4007D4ABC /* Info.plist */,
			);
			path = "Lets Cooking !Tests";
			sourceTree = "<group>";
		};
		582ADA501FCDACD4007D4ABC /* Lets Cooking !UITests */ = {
			isa = PBXGroup;
			children = (
				582ADA511FCDACD4007D4ABC /* Lets_Cooking__UITests.swift */,
				582ADA531FCDACD4007D4ABC /* Info.plist */,
			);
			path = "Lets Cooking !UITests";
			sourceTree = "<group>";
		};
/* End PBXGroup section */

/* Begin PBXNativeTarget section */
		582ADA2A1FCDACD4007D4ABC /* Lets Cooking ! */ = {
			isa = PBXNativeTarget;
			buildConfigurationList = 582ADA561FCDACD4007D4ABC /* Build configuration list for PBXNativeTarget "Lets Cooking !" */;
			buildPhases = (
				582ADA271FCDACD4007D4ABC /* Sources */,
				582ADA281FCDACD4007D4ABC /* Frameworks */,
				582ADA291FCDACD4007D4ABC /* Resources */,
			);
			buildRules = (
			);
			dependencies = (
			);
			name = "Lets Cooking !";
			productName = "Lets Cooking !";
			productReference = 582ADA2B1FCDACD4007D4ABC /* Lets Cooking !.app */;
			productType = "com.apple.product-type.application";
		};
		582ADA411FCDACD4007D4ABC /* Lets Cooking !Tests */ = {
			isa = PBXNativeTarget;
			buildConfigurationList = 582ADA591FCDACD4007D4ABC /* Build configuration list for PBXNativeTarget "Lets Cooking !Tests" */;
			buildPhases = (
				582ADA3E1FCDACD4007D4ABC /* Sources */,
				582ADA3F1FCDACD4007D4ABC /* Frameworks */,
				582ADA401FCDACD4007D4ABC /* Resources */,
			);
			buildRules = (
			);
			dependencies = (
				582ADA441FCDACD4007D4ABC /* PBXTargetDependency */,
			);
			name = "Lets Cooking !Tests";
			productName = "Lets Cooking !Tests";
			productReference = 582ADA421FCDACD4007D4ABC /* Lets Cooking !Tests.xctest */;
			productType = "com.apple.product-type.bundle.unit-test";
		};
		582ADA4C1FCDACD4007D4ABC /* Lets Cooking !UITests */ = {
			isa = PBXNativeTarget;
			buildConfigurationList = 582ADA5C1FCDACD4007D4ABC /* Build configuration list for PBXNativeTarget "Lets Cooking !UITests" */;
			buildPhases = (
				582ADA491FCDACD4007D4ABC /* Sources */,
				582ADA4A1FCDACD4007D4ABC /* Frameworks */,
				582ADA4B1FCDACD4007D4ABC /* Resources */,
			);
			buildRules = (
			);
			dependencies = (
				582ADA4F1FCDACD4007D4ABC /* PBXTargetDependency */,
			);
			name = "Lets Cooking !UITests";
			productName = "Lets Cooking !UITests";
			productReference = 582ADA4D1FCDACD4007D4ABC /* Lets Cooking !UITests.xctest */;
			productType = "com.apple.product-type.bundle.ui-testing";
		};
/* End PBXNativeTarget section */

/* Begin PBXProject section */
		582ADA231FCDACD4007D4ABC /* Project object */ = {
			isa = PBXProject;
			attributes = {
				LastSwiftUpdateCheck = 0910;
				LastUpgradeCheck = 0910;
				ORGANIZATIONNAME = muqorrobin;
				TargetAttributes = {
					582ADA2A1FCDACD4007D4ABC = {
						CreatedOnToolsVersion = 9.1;
						ProvisioningStyle = Automatic;
					};
					582ADA411FCDACD4007D4ABC = {
						CreatedOnToolsVersion = 9.1;
						ProvisioningStyle = Automatic;
						TestTargetID = 582ADA2A1FCDACD4007D4ABC;
					};
					582ADA4C1FCDACD4007D4ABC = {
						CreatedOnToolsVersion = 9.1;
						ProvisioningStyle = Automatic;
						TestTargetID = 582ADA2A1FCDACD4007D4ABC;
					};
				};
			};
			buildConfigurationList = 582ADA261FCDACD4007D4ABC /* Build configuration list for PBXProject "Lets Cooking !" */;
			compatibilityVersion = "Xcode 8.0";
			developmentRegion = en;
			hasScannedForEncodings = 0;
			knownRegions = (
				en,
				Base,
			);
			mainGroup = 582ADA221FCDACD4007D4ABC;
			productRefGroup = 582ADA2C1FCDACD4007D4ABC /* Products */;
			projectDirPath = "";
			projectRoot = "";
			targets = (
				582ADA2A1FCDACD4007D4ABC /* Lets Cooking ! */,
				582ADA411FCDACD4007D4ABC /* Lets Cooking !Tests */,
				582ADA4C1FCDACD4007D4ABC /* Lets Cooking !UITests */,
			);
		};
/* End PBXProject section */

/* Begin PBXResourcesBuildPhase section */
		582ADA291FCDACD4007D4ABC /* Resources */ = {
			isa = PBXResourcesBuildPhase;
			buildActionMask = 2147483647;
			files = (
				582ADA3C1FCDACD4007D4ABC /* LaunchScreen.storyboard in Resources */,
				582ADA391FCDACD4007D4ABC /* Assets.xcassets in Resources */,
				582ADA341FCDACD4007D4ABC /* Main.storyboard in Resources */,
			);
			runOnlyForDeploymentPostprocessing = 0;
		};
		582ADA401FCDACD4007D4ABC /* Resources */ = {
			isa = PBXResourcesBuildPhase;
			buildActionMask = 2147483647;
			files = (
			);
			runOnlyForDeploymentPostprocessing = 0;
		};
		582ADA4B1FCDACD4007D4ABC /* Resources */ = {
			isa = PBXResourcesBuildPhase;
			buildActionMask = 2147483647;
			files = (
			);
			runOnlyForDeploymentPostprocessing = 0;
		};
/* End PBXResourcesBuildPhase section */

/* Begin PBXSourcesBuildPhase section */
		582ADA271FCDACD4007D4ABC /* Sources */ = {
			isa = PBXSourcesBuildPhase;
			buildActionMask = 2147483647;
			files = (
				582ADA371FCDACD4007D4ABC /* Lets_Cooking__.xcdatamodeld in Sources */,
				582ADA311FCDACD4007D4ABC /* ViewController.swift in Sources */,
				582ADA2F1FCDACD4007D4ABC /* AppDelegate.swift in Sources */,
			);
			runOnlyForDeploymentPostprocessing = 0;
		};
		582ADA3E1FCDACD4007D4ABC /* Sources */ = {
			isa = PBXSourcesBuildPhase;
			buildActionMask = 2147483647;
			files = (
				582ADA471FCDACD4007D4ABC /* Lets_Cooking__Tests.swift in Sources */,
			);
			runOnlyForDeploymentPostprocessing = 0;
		};
		582ADA491FCDACD4007D4ABC /* Sources */ = {
			isa = PBXSourcesBuildPhase;
			buildActionMask = 2147483647;
			files = (
				582ADA521FCDACD4007D4ABC /* Lets_Cooking__UITests.swift in Sources */,
			);
			runOnlyForDeploymentPostprocessing = 0;
		};
/* End PBXSourcesBuildPhase section */

/* Begin PBXTargetDependency section */
		582ADA441FCDACD4007D4ABC /* PBXTargetDependency */ = {
			isa = PBXTargetDependency;
			target = 582ADA2A1FCDACD4007D4ABC /* Lets Cooking ! */;
			targetProxy = 582ADA431FCDACD4007D4ABC /* PBXContainerItemProxy */;
		};
		582ADA4F1FCDACD4007D4ABC /* PBXTargetDependency */ = {
			isa = PBXTargetDependency;
			target = 582ADA2A1FCDACD4007D4ABC /* Lets Cooking ! */;
			targetProxy = 582ADA4E1FCDACD4007D4ABC /* PBXContainerItemProxy */;
		};
/* End PBXTargetDependency section */

/* Begin PBXVariantGroup section */
		582ADA321FCDACD4007D4ABC /* Main.storyboard */ = {
			isa = PBXVariantGroup;
			children = (
				582ADA331FCDACD4007D4ABC /* Base */,
			);
			name = Main.storyboard;
			sourceTree = "<group>";
		};
		582ADA3A1FCDACD4007D4ABC /* LaunchScreen.storyboard */ = {
			isa = PBXVariantGroup;
			children = (
				582ADA3B1FCDACD4007D4ABC /* Base */,
			);
			name = LaunchScreen.storyboard;
			sourceTree = "<group>";
		};
/* End PBXVariantGroup section */

/* Begin XCBuildConfiguration section */
		582ADA541FCDACD4007D4ABC /* Debug */ = {
			isa = XCBuildConfiguration;
			buildSettings = {
				ALWAYS_SEARCH_USER_PATHS = NO;
				CLANG_ANALYZER_NONNULL = YES;
				CLANG_ANALYZER_NUMBER_OBJECT_CONVERSION = YES_AGGRESSIVE;
				CLANG_CXX_LANGUAGE_STANDARD = "gnu++14";
				CLANG_CXX_LIBRARY = "libc++";
				CLANG_ENABLE_MODULES = YES;
				CLANG_ENABLE_OBJC_ARC = YES;
				CLANG_WARN_BLOCK_CAPTURE_AUTORELEASING = YES;
				CLANG_WARN_BOOL_CONVERSION = YES;
				CLANG_WARN_COMMA = YES;
				CLANG_WARN_CONSTANT_CONVERSION = YES;
				CLANG_WARN_DIRECT_OBJC_ISA_USAGE = YES_ERROR;
				CLANG_WARN_DOCUMENTATION_COMMENTS = YES;
				CLANG_WARN_EMPTY_BODY = YES;
				CLANG_WARN_ENUM_CONVERSION = YES;
				CLANG_WARN_INFINITE_RECURSION = YES;
				CLANG_WARN_INT_CONVERSION = YES;
				CLANG_WARN_NON_LITERAL_NULL_CONVERSION = YES;
				CLANG_WARN_OBJC_LITERAL_CONVERSION = YES;
				CLANG_WARN_OBJC_ROOT_CLASS = YES_ERROR;
				CLANG_WARN_RANGE_LOOP_ANALYSIS = YES;
				CLANG_WARN_STRICT_PROTOTYPES = YES;
				CLANG_WARN_SUSPICIOUS_MOVE = YES;
				CLANG_WARN_UNGUARDED_AVAILABILITY = YES_AGGRESSIVE;
				CLANG_WARN_UNREACHABLE_CODE = YES;
				CLANG_WARN__DUPLICATE_METHOD_MATCH = YES;
				CODE_SIGN_IDENTITY = "iPhone Developer";
				COPY_PHASE_STRIP = NO;
				DEBUG_INFORMATION_FORMAT = dwarf;
				ENABLE_STRICT_OBJC_MSGSEND = YES;
				ENABLE_TESTABILITY = YES;
				GCC_C_LANGUAGE_STANDARD = gnu11;
				GCC_DYNAMIC_NO_PIC = NO;
				GCC_NO_COMMON_BLOCKS = YES;
				GCC_OPTIMIZATION_LEVEL = 0;
				GCC_PREPROCESSOR_DEFINITIONS = (
					"DEBUG=1",
					"$(inherited)",
				);
				GCC_WARN_64_TO_32_BIT_CONVERSION = YES;
				GCC_WARN_ABOUT_RETURN_TYPE = YES_ERROR;
				GCC_WARN_UNDECLARED_SELECTOR = YES;
				GCC_WARN_UNINITIALIZED_AUTOS = YES_AGGRESSIVE;
				GCC_WARN_UNUSED_FUNCTION = YES;
				GCC_WARN_UNUSED_VARIABLE = YES;
				IPHONEOS_DEPLOYMENT_TARGET = 11.1;
				MTL_ENABLE_DEBUG_INFO = YES;
				ONLY_ACTIVE_ARCH = YES;
				SDKROOT = iphoneos;
				SWIFT_ACTIVE_COMPILATION_CONDITIONS = DEBUG;
				SWIFT_OPTIMIZATION_LEVEL = "-Onone";
			};
			name = Debug;
		};
		582ADA551FCDACD4007D4ABC /* Release */ = {
			isa = XCBuildConfiguration;
			buildSettings = {
				ALWAYS_SEARCH_USER_PATHS = NO;
				CLANG_ANALYZER_NONNULL = YES;
				CLANG_ANALYZER_NUMBER_OBJECT_CONVERSION = YES_AGGRESSIVE;
				CLANG_CXX_LANGUAGE_STANDARD = "gnu++14";
				CLANG_CXX_LIBRARY = "libc++";
				CLANG_ENABLE_MODULES = YES;
				CLANG_ENABLE_OBJC_ARC = YES;
				CLANG_WARN_BLOCK_CAPTURE_AUTORELEASING = YES;
				CLANG_WARN_BOOL_CONVERSION = YES;
				CLANG_WARN_COMMA = YES;
				CLANG_WARN_CONSTANT_CONVERSION = YES;
				CLANG_WARN_DIRECT_OBJC_ISA_USAGE = YES_ERROR;
				CLANG_WARN_DOCUMENTATION_COMMENTS = YES;
				CLANG_WARN_EMPTY_BODY = YES;
				CLANG_WARN_ENUM_CONVERSION = YES;
				CLANG_WARN_INFINITE_RECURSION = YES;
				CLANG_WARN_INT_CONVERSION = YES;
				CLANG_WARN_NON_LITERAL_NULL_CONVERSION = YES;
				CLANG_WARN_OBJC_LITERAL_CONVERSION = YES;
				CLANG_WARN_OBJC_ROOT_CLASS = YES_ERROR;
				CLANG_WARN_RANGE_LOOP_ANALYSIS = YES;
				CLANG_WARN_STRICT_PROTOTYPES = YES;
				CLANG_WARN_SUSPICIOUS_MOVE = YES;
				CLANG_WARN_UNGUARDED_AVAILABILITY = YES_AGGRESSIVE;
				CLANG_WARN_UNREACHABLE_CODE = YES;
				CLANG_WARN__DUPLICATE_METHOD_MATCH = YES;
				CODE_SIGN_IDENTITY = "iPhone Developer";
				COPY_PHASE_STRIP = NO;
				DEBUG_INFORMATION_FORMAT = "dwarf-with-dsym";
				ENABLE_NS_ASSERTIONS = NO;
				ENABLE_STRICT_OBJC_MSGSEND = YES;
				GCC_C_LANGUAGE_STANDARD = gnu11;
				GCC_NO_COMMON_BLOCKS = YES;
				GCC_WARN_64_TO_32_BIT_CONVERSION = YES;
				GCC_WARN_ABOUT_RETURN_TYPE = YES_ERROR;
				GCC_WARN_UNDECLARED_SELECTOR = YES;
				GCC_WARN_UNINITIALIZED_AUTOS = YES_AGGRESSIVE;
				GCC_WARN_UNUSED_FUNCTION = YES;
				GCC_WARN_UNUSED_VARIABLE = YES;
				IPHONEOS_DEPLOYMENT_TARGET = 11.1;
				MTL_ENABLE_DEBUG_INFO = NO;
				SDKROOT = iphoneos;
				SWIFT_OPTIMIZATION_LEVEL = "-Owholemodule";
				VALIDATE_PRODUCT = YES;
			};
			name = Release;
		};
		582ADA571FCDACD4007D4ABC /* Debug */ = {
			isa = XCBuildConfiguration;
			buildSettings = {
				ASSETCATALOG_COMPILER_APPICON_NAME = AppIcon;
				CODE_SIGN_STYLE = Automatic;
				INFOPLIST_FILE = "Lets Cooking !/Info.plist";
				LD_RUNPATH_SEARCH_PATHS = "$(inherited) @executable_path/Frameworks";
				PRODUCT_BUNDLE_IDENTIFIER = "ios.ibnu.Lets-Cooking--";
				PRODUCT_NAME = "$(TARGET_NAME)";
				SWIFT_VERSION = 4.0;
				TARGETED_DEVICE_FAMILY = "1,2";
			};
			name = Debug;
		};
		582ADA581FCDACD4007D4ABC /* Release */ = {
			isa = XCBuildConfiguration;
			buildSettings = {
				ASSETCATALOG_COMPILER_APPICON_NAME = AppIcon;
				CODE_SIGN_STYLE = Automatic;
				INFOPLIST_FILE = "Lets Cooking !/Info.plist";
				LD_RUNPATH_SEARCH_PATHS = "$(inherited) @executable_path/Frameworks";
				PRODUCT_BUNDLE_IDENTIFIER = "ios.ibnu.Lets-Cooking--";
				PRODUCT_NAME = "$(TARGET_NAME)";
				SWIFT_VERSION = 4.0;
				TARGETED_DEVICE_FAMILY = "1,2";
			};
			name = Release;
		};
		582ADA5A1FCDACD4007D4ABC /* Debug */ = {
			isa = XCBuildConfiguration;
			buildSettings = {
				ALWAYS_EMBED_SWIFT_STANDARD_LIBRARIES = YES;
				BUNDLE_LOADER = "$(TEST_HOST)";
				CODE_SIGN_STYLE = Automatic;
				INFOPLIST_FILE = "Lets Cooking !Tests/Info.plist";
				LD_RUNPATH_SEARCH_PATHS = "$(inherited) @executable_path/Frameworks @loader_path/Frameworks";
				PRODUCT_BUNDLE_IDENTIFIER = "ios.ibnu.Lets-Cooking--Tests";
				PRODUCT_NAME = "$(TARGET_NAME)";
				SWIFT_VERSION = 4.0;
				TARGETED_DEVICE_FAMILY = "1,2";
				TEST_HOST = "$(BUILT_PRODUCTS_DIR)/Lets Cooking !.app/Lets Cooking !";
			};
			name = Debug;
		};
		582ADA5B1FCDACD4007D4ABC /* Release */ = {
			isa = XCBuildConfiguration;
			buildSettings = {
				ALWAYS_EMBED_SWIFT_STANDARD_LIBRARIES = YES;
				BUNDLE_LOADER = "$(TEST_HOST)";
				CODE_SIGN_STYLE = Automatic;
				INFOPLIST_FILE = "Lets Cooking !Tests/Info.plist";
				LD_RUNPATH_SEARCH_PATHS = "$(inherited) @executable_path/Frameworks @loader_path/Frameworks";
				PRODUCT_BUNDLE_IDENTIFIER = "ios.ibnu.Lets-Cooking--Tests";
				PRODUCT_NAME = "$(TARGET_NAME)";
				SWIFT_VERSION = 4.0;
				TARGETED_DEVICE_FAMILY = "1,2";
				TEST_HOST = "$(BUILT_PRODUCTS_DIR)/Lets Cooking !.app/Lets Cooking !";
			};
			name = Release;
		};
		582ADA5D1FCDACD4007D4ABC /* Debug */ = {
			isa = XCBuildConfiguration;
			buildSettings = {
				ALWAYS_EMBED_SWIFT_STANDARD_LIBRARIES = YES;
				CODE_SIGN_STYLE = Automatic;
				INFOPLIST_FILE = "Lets Cooking !UITests/Info.plist";
				LD_RUNPATH_SEARCH_PATHS = "$(inherited) @executable_path/Frameworks @loader_path/Frameworks";
				PRODUCT_BUNDLE_IDENTIFIER = "ios.ibnu.Lets-Cooking--UITests";
				PRODUCT_NAME = "$(TARGET_NAME)";
				SWIFT_VERSION = 4.0;
				TARGETED_DEVICE_FAMILY = "1,2";
				TEST_TARGET_NAME = "Lets Cooking !";
			};
			name = Debug;
		};
		582ADA5E1FCDACD4007D4ABC /* Release */ = {
			isa = XCBuildConfiguration;
			buildSettings = {
				ALWAYS_EMBED_SWIFT_STANDARD_LIBRARIES = YES;
				CODE_SIGN_STYLE = Automatic;
				INFOPLIST_FILE = "Lets Cooking !UITests/Info.plist";
				LD_RUNPATH_SEARCH_PATHS = "$(inherited) @executable_path/Frameworks @loader_path/Frameworks";
				PRODUCT_BUNDLE_IDENTIFIER = "ios.ibnu.Lets-Cooking--UITests";
				PRODUCT_NAME = "$(TARGET_NAME)";
				SWIFT_VERSION = 4.0;
				TARGETED_DEVICE_FAMILY = "1,2";
				TEST_TARGET_NAME = "Lets Cooking !";
			};
			name = Release;
		};
/* End XCBuildConfiguration section */

/* Begin XCConfigurationList section */
		582ADA261FCDACD4007D4ABC /* Build configuration list for PBXProject "Lets Cooking !" */ = {
			isa = XCConfigurationList;
			buildConfigurations = (
				582ADA541FCDACD4007D4ABC /* Debug */,
				582ADA551FCDACD4007D4ABC /* Release */,
			);
			defaultConfigurationIsVisible = 0;
			defaultConfigurationName = Release;
		};
		582ADA561FCDACD4007D4ABC /* Build configuration list for PBXNativeTarget "Lets Cooking !" */ = {
			isa = XCConfigurationList;
			buildConfigurations = (
				582ADA571FCDACD4007D4ABC /* Debug */,
				582ADA581FCDACD4007D4ABC /* Release */,
			);
			defaultConfigurationIsVisible = 0;
			defaultConfigurationName = Release;
		};
		582ADA591FCDACD4007D4ABC /* Build configuration list for PBXNativeTarget "Lets Cooking !Tests" */ = {
			isa = XCConfigurationList;
			buildConfigurations = (
				582ADA5A1FCDACD4007D4ABC /* Debug */,
				582ADA5B1FCDACD4007D4ABC /* Release */,
			);
			defaultConfigurationIsVisible = 0;
			defaultConfigurationName = Release;
		};
		582ADA5C1FCDACD4007D4ABC /* Build configuration list for PBXNativeTarget "Lets Cooking !UITests" */ = {
			isa = XCConfigurationList;
			buildConfigurations = (
				582ADA5D1FCDACD4007D4ABC /* Debug */,
				582ADA5E1FCDACD4007D4ABC /* Release */,
			);
			defaultConfigurationIsVisible = 0;
			defaultConfigurationName = Release;
		};
/* End XCConfigurationList section */

/* Begin XCVersionGroup section */
		582ADA351FCDACD4007D4ABC /* Lets_Cooking__.xcdatamodeld */ = {
			isa = XCVersionGroup;
			children = (
				582ADA361FCDACD4007D4ABC /* Lets_Cooking__.xcdatamodel */,
			);
			currentVersion = 582ADA361FCDACD4007D4ABC /* Lets_Cooking__.xcdatamodel */;
			path = Lets_Cooking__.xcdatamodeld;
			sourceTree = "<group>";
			versionGroupType = wrapper.xcdatamodel;
		};
/* End XCVersionGroup section */
	};
	rootObject = 582ADA231FCDACD4007D4ABC /* Project object */;
}
